
Microsoft Visual Studio Solution File, Format Version 12.00
# Visual Studio Version 16
VisualStudioVersion = 16.0.30204.135
MinimumVisualStudioVersion = 10.0.40219.1
Project("{FAE04EC0-301F-11D3-BF4B-00C04F79EFBC}") = "Reject", "Reject.csproj", "{EA431D9E-C711-4ABE-8EE5-F7074CBAC7E9}"
EndProject
Project("{FAE04EC0-301F-11D3-BF4B-00C04F79EFBC}") = "UTReject", "..\UTReject\UTReject.csproj", "{7D12428E-2E87-4206-B5F3-C12A9AEE272C}"
EndProject
Global
	GlobalSection(SolutionConfigurationPlatforms) = preSolution
		Debug|Any CPU = Debug|Any CPU
		Release|Any CPU = Release|Any CPU
	EndGlobalSection
	GlobalSection(ProjectConfigurationPlatforms) = postSolution
		{EA431D9E-C711-4ABE-8EE5-F7074CBAC7E9}.Debug|Any CPU.ActiveCfg = Debug|Any CPU
		{EA431D9E-C711-4ABE-8EE5-F7074CBAC7E9}.Debug|Any CPU.Build.0 = Debug|Any CPU
		{EA431D9E-C711-4ABE-8EE5-F7074CBAC7E9}.Release|Any CPU.ActiveCfg = Release|Any CPU
		{EA431D9E-C711-4ABE-8EE5-F7074CBAC7E9}.Release|Any CPU.Build.0 = Release|Any CPU
		{7D12428E-2E87-4206-B5F3-C12A9AEE272C}.Debug|Any CPU.ActiveCfg = Debug|Any CPU
		{7D12428E-2E87-4206-B5F3-C12A9AEE272C}.Debug|Any CPU.Build.0 = Debug|Any CPU
		{7D12428E-2E87-4206-B5F3-C12A9AEE272C}.Release|Any CPU.ActiveCfg = Release|Any CPU
		{7D12428E-2E87-4206-B5F3-C12A9AEE272C}.Release|Any CPU.Build.0 = Release|Any CPU
	EndGlobalSection
	GlobalSection(SolutionProperties) = preSolution
		HideSolutionNode = FALSE
	EndGlobalSection
	GlobalSection(ExtensibilityGlobals) = postSolution
		SolutionGuid = {BA6D4D18-817A-4650-A586-32030DFF4514}
	EndGlobalSection
EndGlobal
