
Microsoft Visual Studio Solution File, Format Version 12.00
# Visual Studio Version 16
VisualStudioVersion = 16.0.30204.135
MinimumVisualStudioVersion = 10.0.40219.1
Project("{FAE04EC0-301F-11D3-BF4B-00C04F79EFBC}") = "EncryptThis", "EncryptThis.csproj", "{A3CE533C-D4F4-4443-9DC6-7511DAFB15C1}"
EndProject
Project("{FAE04EC0-301F-11D3-BF4B-00C04F79EFBC}") = "UTEncryptThis", "..\UTEncryptThis\UTEncryptThis.csproj", "{13B8A13A-D22D-4736-B94C-81FE41ED440B}"
EndProject
Global
	GlobalSection(SolutionConfigurationPlatforms) = preSolution
		Debug|Any CPU = Debug|Any CPU
		Release|Any CPU = Release|Any CPU
	EndGlobalSection
	GlobalSection(ProjectConfigurationPlatforms) = postSolution
		{A3CE533C-D4F4-4443-9DC6-7511DAFB15C1}.Debug|Any CPU.ActiveCfg = Debug|Any CPU
		{A3CE533C-D4F4-4443-9DC6-7511DAFB15C1}.Debug|Any CPU.Build.0 = Debug|Any CPU
		{A3CE533C-D4F4-4443-9DC6-7511DAFB15C1}.Release|Any CPU.ActiveCfg = Release|Any CPU
		{A3CE533C-D4F4-4443-9DC6-7511DAFB15C1}.Release|Any CPU.Build.0 = Release|Any CPU
		{13B8A13A-D22D-4736-B94C-81FE41ED440B}.Debug|Any CPU.ActiveCfg = Debug|Any CPU
		{13B8A13A-D22D-4736-B94C-81FE41ED440B}.Debug|Any CPU.Build.0 = Debug|Any CPU
		{13B8A13A-D22D-4736-B94C-81FE41ED440B}.Release|Any CPU.ActiveCfg = Release|Any CPU
		{13B8A13A-D22D-4736-B94C-81FE41ED440B}.Release|Any CPU.Build.0 = Release|Any CPU
	EndGlobalSection
	GlobalSection(SolutionProperties) = preSolution
		HideSolutionNode = FALSE
	EndGlobalSection
	GlobalSection(ExtensibilityGlobals) = postSolution
		SolutionGuid = {6C1D5E8C-6C7A-4CC2-AC7E-49844994978D}
	EndGlobalSection
EndGlobal
